// !$*UTF8*$!
{
	archiveVersion = 1;
	classes = {
	};
	objectVersion = 50;
	objects = {

/* Begin PBXBuildFile section */
		042887632165D71100F37A92 /* AppDelegate.swift in Sources */ = {isa = PBXBuildFile; fileRef = 042887622165D71100F37A92 /* AppDelegate.swift */; };
		042887652165D71100F37A92 /* BestViewController.swift in Sources */ = {isa = PBXBuildFile; fileRef = 042887642165D71100F37A92 /* BestViewController.swift */; };
		042887682165D71100F37A92 /* Main.storyboard in Resources */ = {isa = PBXBuildFile; fileRef = 042887662165D71100F37A92 /* Main.storyboard */; };
		0428876A2165D71100F37A92 /* Assets.xcassets in Resources */ = {isa = PBXBuildFile; fileRef = 042887692165D71100F37A92 /* Assets.xcassets */; };
		0428876D2165D71100F37A92 /* LaunchScreen.storyboard in Resources */ = {isa = PBXBuildFile; fileRef = 0428876B2165D71100F37A92 /* LaunchScreen.storyboard */; };
		042887752165DA4900F37A92 /* RestaurantCell.swift in Sources */ = {isa = PBXBuildFile; fileRef = 042887742165DA4900F37A92 /* RestaurantCell.swift */; };
		044F7CCA2165E6F6004D7313 /* Restaurant.swift in Sources */ = {isa = PBXBuildFile; fileRef = 044F7CC92165E6F6004D7313 /* Restaurant.swift */; };
		044F7CD021660A5E004D7313 /* RestaurantTableView.swift in Sources */ = {isa = PBXBuildFile; fileRef = 044F7CCF21660A5E004D7313 /* RestaurantTableView.swift */; };
		044F7CD4216628CC004D7313 /* FavouriteViewController.swift in Sources */ = {isa = PBXBuildFile; fileRef = 044F7CD3216628CC004D7313 /* FavouriteViewController.swift */; };
		04B55071217E8B13007B38EF /* HttpManager.swift in Sources */ = {isa = PBXBuildFile; fileRef = 04B55070217E8B13007B38EF /* HttpManager.swift */; };
		04B55076217E8FC6007B38EF /* FavouriteManager.swift in Sources */ = {isa = PBXBuildFile; fileRef = 04B55075217E8FC6007B38EF /* FavouriteManager.swift */; };
		612090C8283050C2CD7DDAA9 /* Pods_Zomato.framework in Frameworks */ = {isa = PBXBuildFile; fileRef = A677816CE82BE4433C1185BC /* Pods_Zomato.framework */; };
/* End PBXBuildFile section */

/* Begin PBXFileReference section */
		0428875F2165D71100F37A92 /* Zomato.app */ = {isa = PBXFileReference; explicitFileType = wrapper.application; includeInIndex = 0; path = Zomato.app; sourceTree = BUILT_PRODUCTS_DIR; };
		042887622165D71100F37A92 /* AppDelegate.swift */ = {isa = PBXFileReference; lastKnownFileType = sourcecode.swift; path = AppDelegate.swift; sourceTree = "<group>"; };
		042887642165D71100F37A92 /* BestViewController.swift */ = {isa = PBXFileReference; lastKnownFileType = sourcecode.swift; path = BestViewController.swift; sourceTree = "<group>"; };
		042887672165D71100F37A92 /* Base */ = {isa = PBXFileReference; lastKnownFileType = file.storyboard; name = Base; path = Base.lproj/Main.storyboard; sourceTree = "<group>"; };
		042887692165D71100F37A92 /* Assets.xcassets */ = {isa = PBXFileReference; lastKnownFileType = folder.assetcatalog; path = Assets.xcassets; sourceTree = "<group>"; };
		0428876C2165D71100F37A92 /* Base */ = {isa = PBXFileReference; lastKnownFileType = file.storyboard; name = Base; path = Base.lproj/LaunchScreen.storyboard; sourceTree = "<group>"; };
		0428876E2165D71100F37A92 /* Info.plist */ = {isa = PBXFileReference; lastKnownFileType = text.plist.xml; path = Info.plist; sourceTree = "<group>"; };
		042887742165DA4900F37A92 /* RestaurantCell.swift */ = {isa = PBXFileReference; lastKnownFileType = sourcecode.swift; path = RestaurantCell.swift; sourceTree = "<group>"; };
		044F7CC92165E6F6004D7313 /* Restaurant.swift */ = {isa = PBXFileReference; lastKnownFileType = sourcecode.swift; path = Restaurant.swift; sourceTree = "<group>"; };
		044F7CCF21660A5E004D7313 /* RestaurantTableView.swift */ = {isa = PBXFileReference; lastKnownFileType = sourcecode.swift; path = RestaurantTableView.swift; sourceTree = "<group>"; };
		044F7CD3216628CC004D7313 /* FavouriteViewController.swift */ = {isa = PBXFileReference; lastKnownFileType = sourcecode.swift; path = FavouriteViewController.swift; sourceTree = "<group>"; };
		04B55070217E8B13007B38EF /* HttpManager.swift */ = {isa = PBXFileReference; lastKnownFileType = sourcecode.swift; path = HttpManager.swift; sourceTree = "<group>"; };
		04B55075217E8FC6007B38EF /* FavouriteManager.swift */ = {isa = PBXFileReference; fileEncoding = 4; lastKnownFileType = sourcecode.swift; path = FavouriteManager.swift; sourceTree = "<group>"; };
		564A9A4E21345BCEB1E3B795 /* Pods-Zomato.debug.xcconfig */ = {isa = PBXFileReference; includeInIndex = 1; lastKnownFileType = text.xcconfig; name = "Pods-Zomato.debug.xcconfig"; path = "Pods/Target Support Files/Pods-Zomato/Pods-Zomato.debug.xcconfig"; sourceTree = "<group>"; };
		A677816CE82BE4433C1185BC /* Pods_Zomato.framework */ = {isa = PBXFileReference; explicitFileType = wrapper.framework; includeInIndex = 0; path = Pods_Zomato.framework; sourceTree = BUILT_PRODUCTS_DIR; };
		E8B707AE66D61FD94D9465E2 /* Pods-Zomato.release.xcconfig */ = {isa = PBXFileReference; includeInIndex = 1; lastKnownFileType = text.xcconfig; name = "Pods-Zomato.release.xcconfig"; path = "Pods/Target Support Files/Pods-Zomato/Pods-Zomato.release.xcconfig"; sourceTree = "<group>"; };
/* End PBXFileReference section */

/* Begin PBXFrameworksBuildPhase section */
		0428875C2165D71100F37A92 /* Frameworks */ = {
			isa = PBXFrameworksBuildPhase;
			buildActionMask = 2147483647;
			files = (
				612090C8283050C2CD7DDAA9 /* Pods_Zomato.framework in Frameworks */,
			);
			runOnlyForDeploymentPostprocessing = 0;
		};
/* End PBXFrameworksBuildPhase section */

/* Begin PBXGroup section */
		042887562165D71100F37A92 = {
			isa = PBXGroup;
			children = (
				042887612165D71100F37A92 /* Zomato */,
				042887602165D71100F37A92 /* Products */,
				5A17E8648E8AECB0A6D83331 /* Pods */,
				8D3AE5F21AA7405B052B4E71 /* Frameworks */,
			);
			sourceTree = "<group>";
		};
		042887602165D71100F37A92 /* Products */ = {
			isa = PBXGroup;
			children = (
				0428875F2165D71100F37A92 /* Zomato.app */,
			);
			name = Products;
			sourceTree = "<group>";
		};
		042887612165D71100F37A92 /* Zomato */ = {
			isa = PBXGroup;
			children = (
				04B55074217E8E94007B38EF /* View */,
				04B55073217E8E88007B38EF /* Model */,
				04B55072217E8E79007B38EF /* VIewController */,
				042887622165D71100F37A92 /* AppDelegate.swift */,
				042887662165D71100F37A92 /* Main.storyboard */,
				042887692165D71100F37A92 /* Assets.xcassets */,
				0428876B2165D71100F37A92 /* LaunchScreen.storyboard */,
				0428876E2165D71100F37A92 /* Info.plist */,
			);
			path = Zomato;
			sourceTree = "<group>";
		};
		04B55072217E8E79007B38EF /* VIewController */ = {
			isa = PBXGroup;
			children = (
				042887642165D71100F37A92 /* BestViewController.swift */,
				044F7CD3216628CC004D7313 /* FavouriteViewController.swift */,
			);
			path = VIewController;
			sourceTree = "<group>";
		};
		04B55073217E8E88007B38EF /* Model */ = {
			isa = PBXGroup;
			children = (
				04B55075217E8FC6007B38EF /* FavouriteManager.swift */,
				04B55070217E8B13007B38EF /* HttpManager.swift */,
				044F7CC92165E6F6004D7313 /* Restaurant.swift */,
			);
			path = Model;
			sourceTree = "<group>";
		};
		04B55074217E8E94007B38EF /* View */ = {
			isa = PBXGroup;
			children = (
				044F7CCF21660A5E004D7313 /* RestaurantTableView.swift */,
				042887742165DA4900F37A92 /* RestaurantCell.swift */,
			);
			path = View;
			sourceTree = "<group>";
		};
		5A17E8648E8AECB0A6D83331 /* Pods */ = {
			isa = PBXGroup;
			children = (
				564A9A4E21345BCEB1E3B795 /* Pods-Zomato.debug.xcconfig */,
				E8B707AE66D61FD94D9465E2 /* Pods-Zomato.release.xcconfig */,
			);
			name = Pods;
			sourceTree = "<group>";
		};
		8D3AE5F21AA7405B052B4E71 /* Frameworks */ = {
			isa = PBXGroup;
			children = (
				A677816CE82BE4433C1185BC /* Pods_Zomato.framework */,
			);
			name = Frameworks;
			sourceTree = "<group>";
		};
/* End PBXGroup section */

/* Begin PBXNativeTarget section */
		0428875E2165D71100F37A92 /* Zomato */ = {
			isa = PBXNativeTarget;
			buildConfigurationList = 042887712165D71100F37A92 /* Build configuration list for PBXNativeTarget "Zomato" */;
			buildPhases = (
				EDB126A85DD6D118595AF046 /* [CP] Check Pods Manifest.lock */,
				0428875B2165D71100F37A92 /* Sources */,
				0428875C2165D71100F37A92 /* Frameworks */,
				0428875D2165D71100F37A92 /* Resources */,
				E1156A8DAD9018001A95C8F6 /* [CP] Embed Pods Frameworks */,
			);
			buildRules = (
			);
			dependencies = (
			);
			name = Zomato;
			productName = Zomato;
			productReference = 0428875F2165D71100F37A92 /* Zomato.app */;
			productType = "com.apple.product-type.application";
		};
/* End PBXNativeTarget section */

/* Begin PBXProject section */
		042887572165D71100F37A92 /* Project object */ = {
			isa = PBXProject;
			attributes = {
				LastSwiftUpdateCheck = 1000;
				LastUpgradeCheck = 1000;
				ORGANIZATIONNAME = YWC;
				TargetAttributes = {
					0428875E2165D71100F37A92 = {
						CreatedOnToolsVersion = 10.0;
					};
				};
			};
			buildConfigurationList = 0428875A2165D71100F37A92 /* Build configuration list for PBXProject "Zomato" */;
			compatibilityVersion = "Xcode 9.3";
			developmentRegion = en;
			hasScannedForEncodings = 0;
			knownRegions = (
				en,
				Base,
			);
			mainGroup = 042887562165D71100F37A92;
			productRefGroup = 042887602165D71100F37A92 /* Products */;
			projectDirPath = "";
			projectRoot = "";
			targets = (
				0428875E2165D71100F37A92 /* Zomato */,
			);
		};
/* End PBXProject section */

/* Begin PBXResourcesBuildPhase section */
		0428875D2165D71100F37A92 /* Resources */ = {
			isa = PBXResourcesBuildPhase;
			buildActionMask = 2147483647;
			files = (
				0428876D2165D71100F37A92 /* LaunchScreen.storyboard in Resources */,
				0428876A2165D71100F37A92 /* Assets.xcassets in Resources */,
				042887682165D71100F37A92 /* Main.storyboard in Resources */,
			);
			runOnlyForDeploymentPostprocessing = 0;
		};
/* End PBXResourcesBuildPhase section */

/* Begin PBXShellScriptBuildPhase section */
		E1156A8DAD9018001A95C8F6 /* [CP] Embed Pods Frameworks */ = {
			isa = PBXShellScriptBuildPhase;
			buildActionMask = 2147483647;
			files = (
			);
			inputFileListPaths = (
			);
			inputPaths = (
				"${SRCROOT}/Pods/Target Support Files/Pods-Zomato/Pods-Zomato-frameworks.sh",
				"${BUILT_PRODUCTS_DIR}/Alamofire/Alamofire.framework",
				"${BUILT_PRODUCTS_DIR}/DZNEmptyDataSet/DZNEmptyDataSet.framework",
				"${BUILT_PRODUCTS_DIR}/HandyJSON/HandyJSON.framework",
				"${BUILT_PRODUCTS_DIR}/RxAtomic/RxAtomic.framework",
				"${BUILT_PRODUCTS_DIR}/RxCocoa/RxCocoa.framework",
				"${BUILT_PRODUCTS_DIR}/RxSwift/RxSwift.framework",
				"${BUILT_PRODUCTS_DIR}/SDWebImage/SDWebImage.framework",
				"${BUILT_PRODUCTS_DIR}/libwebp/libwebp.framework",
			);
			name = "[CP] Embed Pods Frameworks";
			outputFileListPaths = (
			);
			outputPaths = (
				"${TARGET_BUILD_DIR}/${FRAMEWORKS_FOLDER_PATH}/Alamofire.framework",
				"${TARGET_BUILD_DIR}/${FRAMEWORKS_FOLDER_PATH}/DZNEmptyDataSet.framework",
				"${TARGET_BUILD_DIR}/${FRAMEWORKS_FOLDER_PATH}/HandyJSON.framework",
				"${TARGET_BUILD_DIR}/${FRAMEWORKS_FOLDER_PATH}/RxAtomic.framework",
				"${TARGET_BUILD_DIR}/${FRAMEWORKS_FOLDER_PATH}/RxCocoa.framework",
				"${TARGET_BUILD_DIR}/${FRAMEWORKS_FOLDER_PATH}/RxSwift.framework",
				"${TARGET_BUILD_DIR}/${FRAMEWORKS_FOLDER_PATH}/SDWebImage.framework",
				"${TARGET_BUILD_DIR}/${FRAMEWORKS_FOLDER_PATH}/libwebp.framework",
			);
			runOnlyForDeploymentPostprocessing = 0;
			shellPath = /bin/sh;
			shellScript = "\"${SRCROOT}/Pods/Target Support Files/Pods-Zomato/Pods-Zomato-frameworks.sh\"\n";
			showEnvVarsInLog = 0;
		};
		EDB126A85DD6D118595AF046 /* [CP] Check Pods Manifest.lock */ = {
			isa = PBXShellScriptBuildPhase;
			buildActionMask = 2147483647;
			files = (
			);
			inputFileListPaths = (
			);
			inputPaths = (
				"${PODS_PODFILE_DIR_PATH}/Podfile.lock",
				"${PODS_ROOT}/Manifest.lock",
			);
			name = "[CP] Check Pods Manifest.lock";
			outputFileListPaths = (
			);
			outputPaths = (
				"$(DERIVED_FILE_DIR)/Pods-Zomato-checkManifestLockResult.txt",
			);
			runOnlyForDeploymentPostprocessing = 0;
			shellPath = /bin/sh;
			shellScript = "diff \"${PODS_PODFILE_DIR_PATH}/Podfile.lock\" \"${PODS_ROOT}/Manifest.lock\" > /dev/null\nif [ $? != 0 ] ; then\n    # print error to STDERR\n    echo \"error: The sandbox is not in sync with the Podfile.lock. Run 'pod install' or update your CocoaPods installation.\" >&2\n    exit 1\nfi\n# This output is used by Xcode 'outputs' to avoid re-running this script phase.\necho \"SUCCESS\" > \"${SCRIPT_OUTPUT_FILE_0}\"\n";
			showEnvVarsInLog = 0;
		};
/* End PBXShellScriptBuildPhase section */

/* Begin PBXSourcesBuildPhase section */
		0428875B2165D71100F37A92 /* Sources */ = {
			isa = PBXSourcesBuildPhase;
			buildActionMask = 2147483647;
			files = (
				044F7CCA2165E6F6004D7313 /* Restaurant.swift in Sources */,
				04B55076217E8FC6007B38EF /* FavouriteManager.swift in Sources */,
				042887652165D71100F37A92 /* BestViewController.swift in Sources */,
				042887632165D71100F37A92 /* AppDelegate.swift in Sources */,
				044F7CD021660A5E004D7313 /* RestaurantTableView.swift in Sources */,
				044F7CD4216628CC004D7313 /* FavouriteViewController.swift in Sources */,
				042887752165DA4900F37A92 /* RestaurantCell.swift in Sources */,
				04B55071217E8B13007B38EF /* HttpManager.swift in Sources */,
			);
			runOnlyForDeploymentPostprocessing = 0;
		};
/* End PBXSourcesBuildPhase section */

/* Begin PBXVariantGroup section */
		042887662165D71100F37A92 /* Main.storyboard */ = {
			isa = PBXVariantGroup;
			children = (
				042887672165D71100F37A92 /* Base */,
			);
			name = Main.storyboard;
			sourceTree = "<group>";
		};
		0428876B2165D71100F37A92 /* LaunchScreen.storyboard */ = {
			isa = PBXVariantGroup;
			children = (
				0428876C2165D71100F37A92 /* Base */,
			);
			name = LaunchScreen.storyboard;
			sourceTree = "<group>";
		};
/* End PBXVariantGroup section */

/* Begin XCBuildConfiguration section */
		0428876F2165D71100F37A92 /* Debug */ = {
			isa = XCBuildConfiguration;
			buildSettings = {
				ALWAYS_SEARCH_USER_PATHS = NO;
				CLANG_ANALYZER_NONNULL = YES;
				CLANG_ANALYZER_NUMBER_OBJECT_CONVERSION = YES_AGGRESSIVE;
				CLANG_CXX_LANGUAGE_STANDARD = "gnu++14";
				CLANG_CXX_LIBRARY = "libc++";
				CLANG_ENABLE_MODULES = YES;
				CLANG_ENABLE_OBJC_ARC = YES;
				CLANG_ENABLE_OBJC_WEAK = YES;
				CLANG_WARN_BLOCK_CAPTURE_AUTORELEASING = YES;
				CLANG_WARN_BOOL_CONVERSION = YES;
				CLANG_WARN_COMMA = YES;
				CLANG_WARN_CONSTANT_CONVERSION = YES;
				CLANG_WARN_DEPRECATED_OBJC_IMPLEMENTATIONS = YES;
				CLANG_WARN_DIRECT_OBJC_ISA_USAGE = YES_ERROR;
				CLANG_WARN_DOCUMENTATION_COMMENTS = YES;
				CLANG_WARN_EMPTY_BODY = YES;
				CLANG_WARN_ENUM_CONVERSION = YES;
				CLANG_WARN_INFINITE_RECURSION = YES;
				CLANG_WARN_INT_CONVERSION = YES;
				CLANG_WARN_NON_LITERAL_NULL_CONVERSION = YES;
				CLANG_WARN_OBJC_IMPLICIT_RETAIN_SELF = YES;
				CLANG_WARN_OBJC_LITERAL_CONVERSION = YES;
				CLANG_WARN_OBJC_ROOT_CLASS = YES_ERROR;
				CLANG_WARN_RANGE_LOOP_ANALYSIS = YES;
				CLANG_WARN_STRICT_PROTOTYPES = YES;
				CLANG_WARN_SUSPICIOUS_MOVE = YES;
				CLANG_WARN_UNGUARDED_AVAILABILITY = YES_AGGRESSIVE;
				CLANG_WARN_UNREACHABLE_CODE = YES;
				CLANG_WARN__DUPLICATE_METHOD_MATCH = YES;
				CODE_SIGN_IDENTITY = "iPhone Developer";
				COPY_PHASE_STRIP = NO;
				DEBUG_INFORMATION_FORMAT = dwarf;
				ENABLE_STRICT_OBJC_MSGSEND = YES;
				ENABLE_TESTABILITY = YES;
				GCC_C_LANGUAGE_STANDARD = gnu11;
				GCC_DYNAMIC_NO_PIC = NO;
				GCC_NO_COMMON_BLOCKS = YES;
				GCC_OPTIMIZATION_LEVEL = 0;
				GCC_PREPROCESSOR_DEFINITIONS = (
					"DEBUG=1",
					"$(inherited)",
				);
				GCC_WARN_64_TO_32_BIT_CONVERSION = YES;
				GCC_WARN_ABOUT_RETURN_TYPE = YES_ERROR;
				GCC_WARN_UNDECLARED_SELECTOR = YES;
				GCC_WARN_UNINITIALIZED_AUTOS = YES_AGGRESSIVE;
				GCC_WARN_UNUSED_FUNCTION = YES;
				GCC_WARN_UNUSED_VARIABLE = YES;
				IPHONEOS_DEPLOYMENT_TARGET = 12.0;
				MTL_ENABLE_DEBUG_INFO = INCLUDE_SOURCE;
				MTL_FAST_MATH = YES;
				ONLY_ACTIVE_ARCH = YES;
				SDKROOT = iphoneos;
				SWIFT_ACTIVE_COMPILATION_CONDITIONS = DEBUG;
				SWIFT_OPTIMIZATION_LEVEL = "-Onone";
			};
			name = Debug;
		};
		042887702165D71100F37A92 /* Release */ = {
			isa = XCBuildConfiguration;
			buildSettings = {
				ALWAYS_SEARCH_USER_PATHS = NO;
				CLANG_ANALYZER_NONNULL = YES;
				CLANG_ANALYZER_NUMBER_OBJECT_CONVERSION = YES_AGGRESSIVE;
				CLANG_CXX_LANGUAGE_STANDARD = "gnu++14";
				CLANG_CXX_LIBRARY = "libc++";
				CLANG_ENABLE_MODULES = YES;
				CLANG_ENABLE_OBJC_ARC = YES;
				CLANG_ENABLE_OBJC_WEAK = YES;
				CLANG_WARN_BLOCK_CAPTURE_AUTORELEASING = YES;
				CLANG_WARN_BOOL_CONVERSION = YES;
				CLANG_WARN_COMMA = YES;
				CLANG_WARN_CONSTANT_CONVERSION = YES;
				CLANG_WARN_DEPRECATED_OBJC_IMPLEMENTATIONS = YES;
				CLANG_WARN_DIRECT_OBJC_ISA_USAGE = YES_ERROR;
				CLANG_WARN_DOCUMENTATION_COMMENTS = YES;
				CLANG_WARN_EMPTY_BODY = YES;
				CLANG_WARN_ENUM_CONVERSION = YES;
				CLANG_WARN_INFINITE_RECURSION = YES;
				CLANG_WARN_INT_CONVERSION = YES;
				CLANG_WARN_NON_LITERAL_NULL_CONVERSION = YES;
				CLANG_WARN_OBJC_IMPLICIT_RETAIN_SELF = YES;
				CLANG_WARN_OBJC_LITERAL_CONVERSION = YES;
				CLANG_WARN_OBJC_ROOT_CLASS = YES_ERROR;
				CLANG_WARN_RANGE_LOOP_ANALYSIS = YES;
				CLANG_WARN_STRICT_PROTOTYPES = YES;
				CLANG_WARN_SUSPICIOUS_MOVE = YES;
				CLANG_WARN_UNGUARDED_AVAILABILITY = YES_AGGRESSIVE;
				CLANG_WARN_UNREACHABLE_CODE = YES;
				CLANG_WARN__DUPLICATE_METHOD_MATCH = YES;
				CODE_SIGN_IDENTITY = "iPhone Developer";
				COPY_PHASE_STRIP = NO;
				DEBUG_INFORMATION_FORMAT = "dwarf-with-dsym";
				ENABLE_NS_ASSERTIONS = NO;
				ENABLE_STRICT_OBJC_MSGSEND = YES;
				GCC_C_LANGUAGE_STANDARD = gnu11;
				GCC_NO_COMMON_BLOCKS = YES;
				GCC_WARN_64_TO_32_BIT_CONVERSION = YES;
				GCC_WARN_ABOUT_RETURN_TYPE = YES_ERROR;
				GCC_WARN_UNDECLARED_SELECTOR = YES;
				GCC_WARN_UNINITIALIZED_AUTOS = YES_AGGRESSIVE;
				GCC_WARN_UNUSED_FUNCTION = YES;
				GCC_WARN_UNUSED_VARIABLE = YES;
				IPHONEOS_DEPLOYMENT_TARGET = 12.0;
				MTL_ENABLE_DEBUG_INFO = NO;
				MTL_FAST_MATH = YES;
				SDKROOT = iphoneos;
				SWIFT_COMPILATION_MODE = wholemodule;
				SWIFT_OPTIMIZATION_LEVEL = "-O";
				VALIDATE_PRODUCT = YES;
			};
			name = Release;
		};
		042887722165D71100F37A92 /* Debug */ = {
			isa = XCBuildConfiguration;
			baseConfigurationReference = 564A9A4E21345BCEB1E3B795 /* Pods-Zomato.debug.xcconfig */;
			buildSettings = {
				ASSETCATALOG_COMPILER_APPICON_NAME = AppIcon;
				CODE_SIGN_STYLE = Automatic;
				DEVELOPMENT_TEAM = QY45S8HAC8;
				INFOPLIST_FILE = Zomato/Info.plist;
				IPHONEOS_DEPLOYMENT_TARGET = 11.0;
				LD_RUNPATH_SEARCH_PATHS = (
					"$(inherited)",
					"@executable_path/Frameworks",
				);
				PRODUCT_BUNDLE_IDENTIFIER = YWC.Zomato;
				PRODUCT_NAME = "$(TARGET_NAME)";
				SWIFT_VERSION = 4.2;
				TARGETED_DEVICE_FAMILY = 1;
			};
			name = Debug;
		};
		042887732165D71100F37A92 /* Release */ = {
			isa = XCBuildConfiguration;
			baseConfigurationReference = E8B707AE66D61FD94D9465E2 /* Pods-Zomato.release.xcconfig */;
			buildSettings = {
				ASSETCATALOG_COMPILER_APPICON_NAME = AppIcon;
				CODE_SIGN_STYLE = Automatic;
				DEVELOPMENT_TEAM = QY45S8HAC8;
				INFOPLIST_FILE = Zomato/Info.plist;
				IPHONEOS_DEPLOYMENT_TARGET = 11.0;
				LD_RUNPATH_SEARCH_PATHS = (
					"$(inherited)",
					"@executable_path/Frameworks",
				);
				PRODUCT_BUNDLE_IDENTIFIER = YWC.Zomato;
				PRODUCT_NAME = "$(TARGET_NAME)";
				SWIFT_VERSION = 4.2;
				TARGETED_DEVICE_FAMILY = 1;
			};
			name = Release;
		};
/* End XCBuildConfiguration section */

/* Begin XCConfigurationList section */
		0428875A2165D71100F37A92 /* Build configuration list for PBXProject "Zomato" */ = {
			isa = XCConfigurationList;
			buildConfigurations = (
				0428876F2165D71100F37A92 /* Debug */,
				042887702165D71100F37A92 /* Release */,
			);
			defaultConfigurationIsVisible = 0;
			defaultConfigurationName = Release;
		};
		042887712165D71100F37A92 /* Build configuration list for PBXNativeTarget "Zomato" */ = {
			isa = XCConfigurationList;
			buildConfigurations = (
				042887722165D71100F37A92 /* Debug */,
				042887732165D71100F37A92 /* Release */,
			);
			defaultConfigurationIsVisible = 0;
			defaultConfigurationName = Release;
		};
/* End XCConfigurationList section */
	};
	rootObject = 042887572165D71100F37A92 /* Project object */;
}
